
Microsoft Visual Studio Solution File, Format Version 12.00
# Visual Studio Version 17
VisualStudioVersion = 17.7.34031.279
MinimumVisualStudioVersion = 10.0.40219.1
Project("{FAE04EC0-301F-11D3-BF4B-00C04F79EFBC}") = "WebAPI", "WebAPI\WebAPI.csproj", "{1F342002-0648-4003-8714-52CB2427E6C9}"
EndProject
Project("{FAE04EC0-301F-11D3-BF4B-00C04F79EFBC}") = "Betea_Bianca_Lab11", "Betea_Bianca_Lab11\Betea_Bianca_Lab11.csproj", "{D19F144E-3C94-43E2-A4AD-BEBDFC888C61}"
EndProject
Global
	GlobalSection(SolutionConfigurationPlatforms) = preSolution
		Debug|Any CPU = Debug|Any CPU
		Release|Any CPU = Release|Any CPU
	EndGlobalSection
	GlobalSection(ProjectConfigurationPlatforms) = postSolution
		{1F342002-0648-4003-8714-52CB2427E6C9}.Debug|Any CPU.ActiveCfg = Debug|Any CPU
		{1F342002-0648-4003-8714-52CB2427E6C9}.Debug|Any CPU.Build.0 = Debug|Any CPU
		{1F342002-0648-4003-8714-52CB2427E6C9}.Release|Any CPU.ActiveCfg = Release|Any CPU
		{1F342002-0648-4003-8714-52CB2427E6C9}.Release|Any CPU.Build.0 = Release|Any CPU
		{D19F144E-3C94-43E2-A4AD-BEBDFC888C61}.Debug|Any CPU.ActiveCfg = Debug|Any CPU
		{D19F144E-3C94-43E2-A4AD-BEBDFC888C61}.Debug|Any CPU.Build.0 = Debug|Any CPU
		{D19F144E-3C94-43E2-A4AD-BEBDFC888C61}.Debug|Any CPU.Deploy.0 = Debug|Any CPU
		{D19F144E-3C94-43E2-A4AD-BEBDFC888C61}.Release|Any CPU.ActiveCfg = Release|Any CPU
		{D19F144E-3C94-43E2-A4AD-BEBDFC888C61}.Release|Any CPU.Build.0 = Release|Any CPU
		{D19F144E-3C94-43E2-A4AD-BEBDFC888C61}.Release|Any CPU.Deploy.0 = Release|Any CPU
	EndGlobalSection
	GlobalSection(SolutionProperties) = preSolution
		HideSolutionNode = FALSE
	EndGlobalSection
	GlobalSection(ExtensibilityGlobals) = postSolution
		SolutionGuid = {DD47B85A-97A9-4FFB-9F06-C3AE422939AF}
	EndGlobalSection
EndGlobal
